// !$*UTF8*$!
{
	archiveVersion = 1;
	classes = {
	};
	objectVersion = 56;
	objects = {

/* Begin PBXBuildFile section */
		9C2C29B22E10BD1E00154659 /* main.c in Sources */ = {isa = PBXBuildFile; fileRef = 9C2C29A72E0E09AA00154659 /* main.c */; };
/* End PBXBuildFile section */

/* Begin PBXCopyFilesBuildPhase section */
		9C2C29902E0E08DF00154659 /* CopyFiles */ = {
			isa = PBXCopyFilesBuildPhase;
			buildActionMask = 2147483647;
			dstPath = /usr/share/man/man1/;
			dstSubfolderSpec = 0;
			files = (
			);
			runOnlyForDeploymentPostprocessing = 1;
		};
/* End PBXCopyFilesBuildPhase section */

/* Begin PBXFileReference section */
		9C2C29922E0E08DF00154659 /* Coding-Problems-Collection */ = {isa = PBXFileReference; explicitFileType = "compiled.mach-o.executable"; includeInIndex = 0; path = "Coding-Problems-Collection"; sourceTree = BUILT_PRODUCTS_DIR; };
		9C2C29A12E0E097E00154659 /* main.c */ = {isa = PBXFileReference; lastKnownFileType = sourcecode.c.c; path = main.c; sourceTree = "<group>"; };
		9C2C29A32E0E098B00154659 /* main.c */ = {isa = PBXFileReference; lastKnownFileType = sourcecode.c.c; path = main.c; sourceTree = "<group>"; };
		9C2C29A52E0E099900154659 /* main.c */ = {isa = PBXFileReference; lastKnownFileType = sourcecode.c.c; path = main.c; sourceTree = "<group>"; };
		9C2C29A72E0E09AA00154659 /* main.c */ = {isa = PBXFileReference; lastKnownFileType = sourcecode.c.c; path = main.c; sourceTree = "<group>"; };
		9C2C29AC2E0E143F00154659 /* main.cpp */ = {isa = PBXFileReference; lastKnownFileType = sourcecode.cpp.cpp; path = main.cpp; sourceTree = "<group>"; };
		9C2C29B02E0F8AD300154659 /* main.c */ = {isa = PBXFileReference; lastKnownFileType = sourcecode.c.c; path = main.c; sourceTree = "<group>"; };
/* End PBXFileReference section */

/* Begin PBXFrameworksBuildPhase section */
		9C2C298F2E0E08DF00154659 /* Frameworks */ = {
			isa = PBXFrameworksBuildPhase;
			buildActionMask = 2147483647;
			files = (
			);
			runOnlyForDeploymentPostprocessing = 0;
		};
/* End PBXFrameworksBuildPhase section */

/* Begin PBXGroup section */
		9C2C29892E0E08DF00154659 = {
			isa = PBXGroup;
			children = (
				9C2C29942E0E08DF00154659 /* Coding-Problems-Collection */,
				9C2C29932E0E08DF00154659 /* Products */,
			);
			sourceTree = "<group>";
		};
		9C2C29932E0E08DF00154659 /* Products */ = {
			isa = PBXGroup;
			children = (
				9C2C29922E0E08DF00154659 /* Coding-Problems-Collection */,
			);
			name = Products;
			sourceTree = "<group>";
		};
		9C2C29942E0E08DF00154659 /* Coding-Problems-Collection */ = {
			isa = PBXGroup;
			children = (
				9C2C29AF2E0F8ABB00154659 /* HDU 2057 */,
				9C2C29AB2E0E13FC00154659 /* Leetcode 1 */,
				9C2C29A02E0E095C00154659 /* HDU 1004 */,
				9C2C299F2E0E095100154659 /* HDU 2091 */,
				9C2C299E2E0E094A00154659 /* HDU 2081 */,
				9C2C299C2E0E093200154659 /* HDU 2072 */,
			);
			path = "Coding-Problems-Collection";
			sourceTree = "<group>";
		};
		9C2C299C2E0E093200154659 /* HDU 2072 */ = {
			isa = PBXGroup;
			children = (
				9C2C29A72E0E09AA00154659 /* main.c */,
			);
			path = "HDU 2072";
			sourceTree = "<group>";
		};
		9C2C299E2E0E094A00154659 /* HDU 2081 */ = {
			isa = PBXGroup;
			children = (
				9C2C29A12E0E097E00154659 /* main.c */,
			);
			path = "HDU 2081";
			sourceTree = "<group>";
		};
		9C2C299F2E0E095100154659 /* HDU 2091 */ = {
			isa = PBXGroup;
			children = (
				9C2C29A32E0E098B00154659 /* main.c */,
			);
			path = "HDU 2091";
			sourceTree = "<group>";
		};
		9C2C29A02E0E095C00154659 /* HDU 1004 */ = {
			isa = PBXGroup;
			children = (
				9C2C29A52E0E099900154659 /* main.c */,
			);
			path = "HDU 1004";
			sourceTree = "<group>";
		};
		9C2C29AB2E0E13FC00154659 /* Leetcode 1 */ = {
			isa = PBXGroup;
			children = (
				9C2C29AC2E0E143F00154659 /* main.cpp */,
			);
			path = "Leetcode 1";
			sourceTree = "<group>";
		};
		9C2C29AF2E0F8ABB00154659 /* HDU 2057 */ = {
			isa = PBXGroup;
			children = (
				9C2C29B02E0F8AD300154659 /* main.c */,
			);
			path = "HDU 2057";
			sourceTree = "<group>";
		};
/* End PBXGroup section */

/* Begin PBXNativeTarget section */
		9C2C29912E0E08DF00154659 /* Coding-Problems-Collection */ = {
			isa = PBXNativeTarget;
			buildConfigurationList = 9C2C29992E0E08DF00154659 /* Build configuration list for PBXNativeTarget "Coding-Problems-Collection" */;
			buildPhases = (
				9C2C298E2E0E08DF00154659 /* Sources */,
				9C2C298F2E0E08DF00154659 /* Frameworks */,
				9C2C29902E0E08DF00154659 /* CopyFiles */,
			);
			buildRules = (
			);
			dependencies = (
			);
			name = "Coding-Problems-Collection";
			productName = "Coding-Problems-Collection";
			productReference = 9C2C29922E0E08DF00154659 /* Coding-Problems-Collection */;
			productType = "com.apple.product-type.tool";
		};
/* End PBXNativeTarget section */

/* Begin PBXProject section */
		9C2C298A2E0E08DF00154659 /* Project object */ = {
			isa = PBXProject;
			attributes = {
				BuildIndependentTargetsInParallel = 1;
				LastUpgradeCheck = 1420;
				TargetAttributes = {
					9C2C29912E0E08DF00154659 = {
						CreatedOnToolsVersion = 14.2;
					};
				};
			};
			buildConfigurationList = 9C2C298D2E0E08DF00154659 /* Build configuration list for PBXProject "Coding-Problems-Collection" */;
			compatibilityVersion = "Xcode 14.0";
			developmentRegion = en;
			hasScannedForEncodings = 0;
			knownRegions = (
				en,
				Base,
			);
			mainGroup = 9C2C29892E0E08DF00154659;
			productRefGroup = 9C2C29932E0E08DF00154659 /* Products */;
			projectDirPath = "";
			projectRoot = "";
			targets = (
				9C2C29912E0E08DF00154659 /* Coding-Problems-Collection */,
			);
		};
/* End PBXProject section */

/* Begin PBXSourcesBuildPhase section */
		9C2C298E2E0E08DF00154659 /* Sources */ = {
			isa = PBXSourcesBuildPhase;
			buildActionMask = 2147483647;
			files = (
				9C2C29B22E10BD1E00154659 /* main.c in Sources */,
			);
			runOnlyForDeploymentPostprocessing = 0;
		};
/* End PBXSourcesBuildPhase section */

/* Begin XCBuildConfiguration section */
		9C2C29972E0E08DF00154659 /* Debug */ = {
			isa = XCBuildConfiguration;
			buildSettings = {
				ALWAYS_SEARCH_USER_PATHS = NO;
				CLANG_ANALYZER_NONNULL = YES;
				CLANG_ANALYZER_NUMBER_OBJECT_CONVERSION = YES_AGGRESSIVE;
				CLANG_CXX_LANGUAGE_STANDARD = "gnu++20";
				CLANG_ENABLE_MODULES = YES;
				CLANG_ENABLE_OBJC_ARC = YES;
				CLANG_ENABLE_OBJC_WEAK = YES;
				CLANG_WARN_BLOCK_CAPTURE_AUTORELEASING = YES;
				CLANG_WARN_BOOL_CONVERSION = YES;
				CLANG_WARN_COMMA = YES;
				CLANG_WARN_CONSTANT_CONVERSION = YES;
				CLANG_WARN_DEPRECATED_OBJC_IMPLEMENTATIONS = YES;
				CLANG_WARN_DIRECT_OBJC_ISA_USAGE = YES_ERROR;
				CLANG_WARN_DOCUMENTATION_COMMENTS = YES;
				CLANG_WARN_EMPTY_BODY = YES;
				CLANG_WARN_ENUM_CONVERSION = YES;
				CLANG_WARN_INFINITE_RECURSION = YES;
				CLANG_WARN_INT_CONVERSION = YES;
				CLANG_WARN_NON_LITERAL_NULL_CONVERSION = YES;
				CLANG_WARN_OBJC_IMPLICIT_RETAIN_SELF = YES;
				CLANG_WARN_OBJC_LITERAL_CONVERSION = YES;
				CLANG_WARN_OBJC_ROOT_CLASS = YES_ERROR;
				CLANG_WARN_QUOTED_INCLUDE_IN_FRAMEWORK_HEADER = YES;
				CLANG_WARN_RANGE_LOOP_ANALYSIS = YES;
				CLANG_WARN_STRICT_PROTOTYPES = YES;
				CLANG_WARN_SUSPICIOUS_MOVE = YES;
				CLANG_WARN_UNGUARDED_AVAILABILITY = YES_AGGRESSIVE;
				CLANG_WARN_UNREACHABLE_CODE = YES;
				CLANG_WARN__DUPLICATE_METHOD_MATCH = YES;
				COPY_PHASE_STRIP = NO;
				DEBUG_INFORMATION_FORMAT = dwarf;
				ENABLE_STRICT_OBJC_MSGSEND = YES;
				ENABLE_TESTABILITY = YES;
				GCC_C_LANGUAGE_STANDARD = gnu11;
				GCC_DYNAMIC_NO_PIC = NO;
				GCC_NO_COMMON_BLOCKS = YES;
				GCC_OPTIMIZATION_LEVEL = 0;
				GCC_PREPROCESSOR_DEFINITIONS = (
					"DEBUG=1",
					"$(inherited)",
				);
				GCC_WARN_64_TO_32_BIT_CONVERSION = YES;
				GCC_WARN_ABOUT_RETURN_TYPE = YES_ERROR;
				GCC_WARN_UNDECLARED_SELECTOR = YES;
				GCC_WARN_UNINITIALIZED_AUTOS = YES_AGGRESSIVE;
				GCC_WARN_UNUSED_FUNCTION = YES;
				GCC_WARN_UNUSED_VARIABLE = YES;
				MACOSX_DEPLOYMENT_TARGET = 12.7;
				MTL_ENABLE_DEBUG_INFO = INCLUDE_SOURCE;
				MTL_FAST_MATH = YES;
				ONLY_ACTIVE_ARCH = YES;
				SDKROOT = macosx;
			};
			name = Debug;
		};
		9C2C29982E0E08DF00154659 /* Release */ = {
			isa = XCBuildConfiguration;
			buildSettings = {
				ALWAYS_SEARCH_USER_PATHS = NO;
				CLANG_ANALYZER_NONNULL = YES;
				CLANG_ANALYZER_NUMBER_OBJECT_CONVERSION = YES_AGGRESSIVE;
				CLANG_CXX_LANGUAGE_STANDARD = "gnu++20";
				CLANG_ENABLE_MODULES = YES;
				CLANG_ENABLE_OBJC_ARC = YES;
				CLANG_ENABLE_OBJC_WEAK = YES;
				CLANG_WARN_BLOCK_CAPTURE_AUTORELEASING = YES;
				CLANG_WARN_BOOL_CONVERSION = YES;
				CLANG_WARN_COMMA = YES;
				CLANG_WARN_CONSTANT_CONVERSION = YES;
				CLANG_WARN_DEPRECATED_OBJC_IMPLEMENTATIONS = YES;
				CLANG_WARN_DIRECT_OBJC_ISA_USAGE = YES_ERROR;
				CLANG_WARN_DOCUMENTATION_COMMENTS = YES;
				CLANG_WARN_EMPTY_BODY = YES;
				CLANG_WARN_ENUM_CONVERSION = YES;
				CLANG_WARN_INFINITE_RECURSION = YES;
				CLANG_WARN_INT_CONVERSION = YES;
				CLANG_WARN_NON_LITERAL_NULL_CONVERSION = YES;
				CLANG_WARN_OBJC_IMPLICIT_RETAIN_SELF = YES;
				CLANG_WARN_OBJC_LITERAL_CONVERSION = YES;
				CLANG_WARN_OBJC_ROOT_CLASS = YES_ERROR;
				CLANG_WARN_QUOTED_INCLUDE_IN_FRAMEWORK_HEADER = YES;
				CLANG_WARN_RANGE_LOOP_ANALYSIS = YES;
				CLANG_WARN_STRICT_PROTOTYPES = YES;
				CLANG_WARN_SUSPICIOUS_MOVE = YES;
				CLANG_WARN_UNGUARDED_AVAILABILITY = YES_AGGRESSIVE;
				CLANG_WARN_UNREACHABLE_CODE = YES;
				CLANG_WARN__DUPLICATE_METHOD_MATCH = YES;
				COPY_PHASE_STRIP = NO;
				DEBUG_INFORMATION_FORMAT = "dwarf-with-dsym";
				ENABLE_NS_ASSERTIONS = NO;
				ENABLE_STRICT_OBJC_MSGSEND = YES;
				GCC_C_LANGUAGE_STANDARD = gnu11;
				GCC_NO_COMMON_BLOCKS = YES;
				GCC_WARN_64_TO_32_BIT_CONVERSION = YES;
				GCC_WARN_ABOUT_RETURN_TYPE = YES_ERROR;
				GCC_WARN_UNDECLARED_SELECTOR = YES;
				GCC_WARN_UNINITIALIZED_AUTOS = YES_AGGRESSIVE;
				GCC_WARN_UNUSED_FUNCTION = YES;
				GCC_WARN_UNUSED_VARIABLE = YES;
				MACOSX_DEPLOYMENT_TARGET = 12.7;
				MTL_ENABLE_DEBUG_INFO = NO;
				MTL_FAST_MATH = YES;
				SDKROOT = macosx;
			};
			name = Release;
		};
		9C2C299A2E0E08DF00154659 /* Debug */ = {
			isa = XCBuildConfiguration;
			buildSettings = {
				CODE_SIGN_STYLE = Automatic;
				DEVELOPMENT_TEAM = RLW9AP727Q;
				ENABLE_HARDENED_RUNTIME = YES;
				PRODUCT_NAME = "$(TARGET_NAME)";
			};
			name = Debug;
		};
		9C2C299B2E0E08DF00154659 /* Release */ = {
			isa = XCBuildConfiguration;
			buildSettings = {
				CODE_SIGN_STYLE = Automatic;
				DEVELOPMENT_TEAM = RLW9AP727Q;
				ENABLE_HARDENED_RUNTIME = YES;
				PRODUCT_NAME = "$(TARGET_NAME)";
			};
			name = Release;
		};
/* End XCBuildConfiguration section */

/* Begin XCConfigurationList section */
		9C2C298D2E0E08DF00154659 /* Build configuration list for PBXProject "Coding-Problems-Collection" */ = {
			isa = XCConfigurationList;
			buildConfigurations = (
				9C2C29972E0E08DF00154659 /* Debug */,
				9C2C29982E0E08DF00154659 /* Release */,
			);
			defaultConfigurationIsVisible = 0;
			defaultConfigurationName = Release;
		};
		9C2C29992E0E08DF00154659 /* Build configuration list for PBXNativeTarget "Coding-Problems-Collection" */ = {
			isa = XCConfigurationList;
			buildConfigurations = (
				9C2C299A2E0E08DF00154659 /* Debug */,
				9C2C299B2E0E08DF00154659 /* Release */,
			);
			defaultConfigurationIsVisible = 0;
			defaultConfigurationName = Release;
		};
/* End XCConfigurationList section */
	};
	rootObject = 9C2C298A2E0E08DF00154659 /* Project object */;
}
